<Solution>
  <Folder Name="/10_infra/">
    <Project Path="GreenGenius.Infra.Hosting/GreenGenius.Infra.Hosting.csproj" />
    <Project Path="GreenGenius.Infra.PgSql\GreenGenius.Infra.PgSql.csproj" />
  </Folder>
  <Folder Name="/11_Shared/">
    <Project Path="GreenGenius.Common.Domain/GreenGenius.Common.Domain.csproj" />
  </Folder>
  <Folder Name="/20_Domains/">
    <Project Path="GreenGenius.Api\GreenGenius.Api.csproj" />
  </Folder>
  <Folder Name="/30_App/">
    <Project Path="GreenGenius.App\GreenGenius.App.csproj" />
  </Folder>
  <Folder Name="/90_Tests/">
    <Project Path="GreenGenius.App.IntegrationTests\GreenGenius.App.IntegrationTests.csproj" />
  </Folder>
  <Folder Name="/Solution Items/">
    <File Path="compose.yaml" />
    <File Path="README.md" />
    <File Path=".env" />
    <File Path=".gitignore" />
    <File Path="infra" />
    <File Path="start.sh" />
    <File Path="dotnet-tools.json" />
    <File Path=".github" />
  </Folder>
</Solution>
